
Microsoft Visual Studio Solution File, Format Version 12.00
# Visual Studio Version 17
VisualStudioVersion = 17.9.34622.214
MinimumVisualStudioVersion = 10.0.40219.1
Project("{8BC9CEB8-8B4A-11D0-8D11-00A0C91BC942}") = "6.2", "6.2.vcxproj", "{1CFFD4CF-F2CE-456D-B11A-DFD28A44B8EC}"
EndProject
Global
	GlobalSection(SolutionConfigurationPlatforms) = preSolution
		Debug|x64 = Debug|x64
		Debug|x86 = Debug|x86
		Release|x64 = Release|x64
		Release|x86 = Release|x86
	EndGlobalSection
	GlobalSection(ProjectConfigurationPlatforms) = postSolution
		{1CFFD4CF-F2CE-456D-B11A-DFD28A44B8EC}.Debug|x64.ActiveCfg = Debug|x64
		{1CFFD4CF-F2CE-456D-B11A-DFD28A44B8EC}.Debug|x64.Build.0 = Debug|x64
		{1CFFD4CF-F2CE-456D-B11A-DFD28A44B8EC}.Debug|x86.ActiveCfg = Debug|Win32
		{1CFFD4CF-F2CE-456D-B11A-DFD28A44B8EC}.Debug|x86.Build.0 = Debug|Win32
		{1CFFD4CF-F2CE-456D-B11A-DFD28A44B8EC}.Release|x64.ActiveCfg = Release|x64
		{1CFFD4CF-F2CE-456D-B11A-DFD28A44B8EC}.Release|x64.Build.0 = Release|x64
		{1CFFD4CF-F2CE-456D-B11A-DFD28A44B8EC}.Release|x86.ActiveCfg = Release|Win32
		{1CFFD4CF-F2CE-456D-B11A-DFD28A44B8EC}.Release|x86.Build.0 = Release|Win32
	EndGlobalSection
	GlobalSection(SolutionProperties) = preSolution
		HideSolutionNode = FALSE
	EndGlobalSection
	GlobalSection(ExtensibilityGlobals) = postSolution
		SolutionGuid = {C0CA872D-5243-46C1-A55D-EC1425E24230}
	EndGlobalSection
EndGlobal
